
Microsoft Visual Studio Solution File, Format Version 12.00
# Visual Studio Version 17
VisualStudioVersion = 17.13.35825.156
MinimumVisualStudioVersion = 10.0.40219.1
Project("{2150E333-8FDC-42A3-9474-1A3956D46DE8}") = "Datos", "Datos", "{3541D255-7529-433E-9973-CFAE42240612}"
EndProject
Project("{FAE04EC0-301F-11D3-BF4B-00C04F79EFBC}") = "SM.Datos", "SM.Datos\SM.Datos.csproj", "{0909EEA8-B437-47C4-9FA3-39689BD4ACC1}"
EndProject
Project("{2150E333-8FDC-42A3-9474-1A3956D46DE8}") = "Dominio", "Dominio", "{DD84E10C-127B-4AB4-8743-AA4E187F5124}"
EndProject
Project("{FAE04EC0-301F-11D3-BF4B-00C04F79EFBC}") = "SM.Aplicacion", "SM.Aplicacion\SM.Aplicacion.csproj", "{FBD44CA5-7532-4D77-865A-B9761E898462}"
EndProject
Project("{2150E333-8FDC-42A3-9474-1A3956D46DE8}") = "Presentacion", "Presentacion", "{8360D11D-BBE3-4E52-AD84-5B31A76EEF74}"
EndProject
Project("{2150E333-8FDC-42A3-9474-1A3956D46DE8}") = "Front End", "Front End", "{8C774294-7977-419E-8828-5E516745A399}"
EndProject
Project("{2150E333-8FDC-42A3-9474-1A3956D46DE8}") = "Back end", "Back end", "{21B308C4-8B3A-44CF-8D51-44B322CF65EA}"
EndProject
Project("{2150E333-8FDC-42A3-9474-1A3956D46DE8}") = "Pruebas", "Pruebas", "{C5CF1EB7-AB01-413C-BC68-BA05744109ED}"
EndProject
Project("{FAE04EC0-301F-11D3-BF4B-00C04F79EFBC}") = "WindowsFormsApplicationSimus", "WindowsFormsApplicationSimus\WindowsFormsApplicationSimus.csproj", "{5EF9FE6C-7CA3-46D5-974D-03BE2C0A8CEE}"
EndProject
Project("{FAE04EC0-301F-11D3-BF4B-00C04F79EFBC}") = "WebSImus", "WebSImus\WebSImus.csproj", "{1029FA2A-C571-4A73-B1F9-A0722402F449}"
EndProject
Project("{FAE04EC0-301F-11D3-BF4B-00C04F79EFBC}") = "SM.Utilidades", "SM.Utilidades\SM.Utilidades.csproj", "{7DCADDD2-32A0-4E12-83DE-29ADF8373FB2}"
EndProject
Project("{2150E333-8FDC-42A3-9474-1A3956D46DE8}") = "LibreriaComun", "LibreriaComun", "{2232302B-C67B-435E-AD80-770DC5853B51}"
EndProject
Project("{FAE04EC0-301F-11D3-BF4B-00C04F79EFBC}") = "SM.LibreriaComun", "SM.LibreriaComun\SM.LibreriaComun.csproj", "{BAEBC1B3-4886-4CE1-8B72-DCDCB9E8D084}"
EndProject
Project("{2150E333-8FDC-42A3-9474-1A3956D46DE8}") = "LibreriaRecursos", "LibreriaRecursos", "{907ED682-23C8-4859-B8D6-8C007AC8793B}"
EndProject
Project("{FAE04EC0-301F-11D3-BF4B-00C04F79EFBC}") = "SM.LibreriaRecursos", "SM.LibreriaRecursos\SM.LibreriaRecursos.csproj", "{3BAB1B36-1F75-4AA3-A769-6D4B8F75C2E9}"
EndProject
Project("{FAE04EC0-301F-11D3-BF4B-00C04F79EFBC}") = "SM.SIPA", "SM.SIPA\SM.SIPA.csproj", "{988A6B05-AA1A-4916-81DA-3A8110CC9A0B}"
EndProject
Project("{FAE04EC0-301F-11D3-BF4B-00C04F79EFBC}") = "Oauth2Login", "Oauth2Login\Oauth2Login.csproj", "{CB07D752-1BBA-462B-A19D-8A5B21846AFD}"
EndProject
Project("{FAE04EC0-301F-11D3-BF4B-00C04F79EFBC}") = "SM.WSDatos", "SM.WSDatos\SM.WSDatos.csproj", "{847FBFFB-A343-41C3-9DC1-D14FC51F92E3}"
EndProject
Project("{2150E333-8FDC-42A3-9474-1A3956D46DE8}") = "WebServices", "WebServices", "{7BEF215E-6936-49A2-8BBD-9A38D99057DC}"
EndProject
Project("{FAE04EC0-301F-11D3-BF4B-00C04F79EFBC}") = "WS.Simus", "WS.Simus\WS.Simus.csproj", "{512956C9-64B5-4103-8FD4-05CDB79B3C84}"
EndProject
Global
	GlobalSection(SolutionConfigurationPlatforms) = preSolution
		Debug|Any CPU = Debug|Any CPU
		Release|Any CPU = Release|Any CPU
	EndGlobalSection
	GlobalSection(ProjectConfigurationPlatforms) = postSolution
		{0909EEA8-B437-47C4-9FA3-39689BD4ACC1}.Debug|Any CPU.ActiveCfg = Debug|Any CPU
		{0909EEA8-B437-47C4-9FA3-39689BD4ACC1}.Debug|Any CPU.Build.0 = Debug|Any CPU
		{0909EEA8-B437-47C4-9FA3-39689BD4ACC1}.Release|Any CPU.ActiveCfg = Release|Any CPU
		{0909EEA8-B437-47C4-9FA3-39689BD4ACC1}.Release|Any CPU.Build.0 = Release|Any CPU
		{FBD44CA5-7532-4D77-865A-B9761E898462}.Debug|Any CPU.ActiveCfg = Debug|Any CPU
		{FBD44CA5-7532-4D77-865A-B9761E898462}.Debug|Any CPU.Build.0 = Debug|Any CPU
		{FBD44CA5-7532-4D77-865A-B9761E898462}.Release|Any CPU.ActiveCfg = Release|Any CPU
		{FBD44CA5-7532-4D77-865A-B9761E898462}.Release|Any CPU.Build.0 = Release|Any CPU
		{5EF9FE6C-7CA3-46D5-974D-03BE2C0A8CEE}.Debug|Any CPU.ActiveCfg = Debug|Any CPU
		{5EF9FE6C-7CA3-46D5-974D-03BE2C0A8CEE}.Debug|Any CPU.Build.0 = Debug|Any CPU
		{5EF9FE6C-7CA3-46D5-974D-03BE2C0A8CEE}.Release|Any CPU.ActiveCfg = Release|Any CPU
		{5EF9FE6C-7CA3-46D5-974D-03BE2C0A8CEE}.Release|Any CPU.Build.0 = Release|Any CPU
		{1029FA2A-C571-4A73-B1F9-A0722402F449}.Debug|Any CPU.ActiveCfg = Debug|Any CPU
		{1029FA2A-C571-4A73-B1F9-A0722402F449}.Debug|Any CPU.Build.0 = Debug|Any CPU
		{1029FA2A-C571-4A73-B1F9-A0722402F449}.Release|Any CPU.ActiveCfg = Release|Any CPU
		{1029FA2A-C571-4A73-B1F9-A0722402F449}.Release|Any CPU.Build.0 = Release|Any CPU
		{7DCADDD2-32A0-4E12-83DE-29ADF8373FB2}.Debug|Any CPU.ActiveCfg = Debug|Any CPU
		{7DCADDD2-32A0-4E12-83DE-29ADF8373FB2}.Debug|Any CPU.Build.0 = Debug|Any CPU
		{7DCADDD2-32A0-4E12-83DE-29ADF8373FB2}.Release|Any CPU.ActiveCfg = Release|Any CPU
		{7DCADDD2-32A0-4E12-83DE-29ADF8373FB2}.Release|Any CPU.Build.0 = Release|Any CPU
		{BAEBC1B3-4886-4CE1-8B72-DCDCB9E8D084}.Debug|Any CPU.ActiveCfg = Debug|Any CPU
		{BAEBC1B3-4886-4CE1-8B72-DCDCB9E8D084}.Debug|Any CPU.Build.0 = Debug|Any CPU
		{BAEBC1B3-4886-4CE1-8B72-DCDCB9E8D084}.Release|Any CPU.ActiveCfg = Release|Any CPU
		{BAEBC1B3-4886-4CE1-8B72-DCDCB9E8D084}.Release|Any CPU.Build.0 = Release|Any CPU
		{3BAB1B36-1F75-4AA3-A769-6D4B8F75C2E9}.Debug|Any CPU.ActiveCfg = Debug|Any CPU
		{3BAB1B36-1F75-4AA3-A769-6D4B8F75C2E9}.Debug|Any CPU.Build.0 = Debug|Any CPU
		{3BAB1B36-1F75-4AA3-A769-6D4B8F75C2E9}.Release|Any CPU.ActiveCfg = Release|Any CPU
		{3BAB1B36-1F75-4AA3-A769-6D4B8F75C2E9}.Release|Any CPU.Build.0 = Release|Any CPU
		{988A6B05-AA1A-4916-81DA-3A8110CC9A0B}.Debug|Any CPU.ActiveCfg = Debug|Any CPU
		{988A6B05-AA1A-4916-81DA-3A8110CC9A0B}.Debug|Any CPU.Build.0 = Debug|Any CPU
		{988A6B05-AA1A-4916-81DA-3A8110CC9A0B}.Release|Any CPU.ActiveCfg = Release|Any CPU
		{988A6B05-AA1A-4916-81DA-3A8110CC9A0B}.Release|Any CPU.Build.0 = Release|Any CPU
		{CB07D752-1BBA-462B-A19D-8A5B21846AFD}.Debug|Any CPU.ActiveCfg = Debug|Any CPU
		{CB07D752-1BBA-462B-A19D-8A5B21846AFD}.Debug|Any CPU.Build.0 = Debug|Any CPU
		{CB07D752-1BBA-462B-A19D-8A5B21846AFD}.Release|Any CPU.ActiveCfg = Release|Any CPU
		{CB07D752-1BBA-462B-A19D-8A5B21846AFD}.Release|Any CPU.Build.0 = Release|Any CPU
		{847FBFFB-A343-41C3-9DC1-D14FC51F92E3}.Debug|Any CPU.ActiveCfg = Debug|Any CPU
		{847FBFFB-A343-41C3-9DC1-D14FC51F92E3}.Debug|Any CPU.Build.0 = Debug|Any CPU
		{847FBFFB-A343-41C3-9DC1-D14FC51F92E3}.Release|Any CPU.ActiveCfg = Release|Any CPU
		{847FBFFB-A343-41C3-9DC1-D14FC51F92E3}.Release|Any CPU.Build.0 = Release|Any CPU
		{512956C9-64B5-4103-8FD4-05CDB79B3C84}.Debug|Any CPU.ActiveCfg = Debug|Any CPU
		{512956C9-64B5-4103-8FD4-05CDB79B3C84}.Debug|Any CPU.Build.0 = Debug|Any CPU
		{512956C9-64B5-4103-8FD4-05CDB79B3C84}.Release|Any CPU.ActiveCfg = Release|Any CPU
		{512956C9-64B5-4103-8FD4-05CDB79B3C84}.Release|Any CPU.Build.0 = Release|Any CPU
	EndGlobalSection
	GlobalSection(SolutionProperties) = preSolution
		HideSolutionNode = FALSE
	EndGlobalSection
	GlobalSection(NestedProjects) = preSolution
		{0909EEA8-B437-47C4-9FA3-39689BD4ACC1} = {3541D255-7529-433E-9973-CFAE42240612}
		{FBD44CA5-7532-4D77-865A-B9761E898462} = {DD84E10C-127B-4AB4-8743-AA4E187F5124}
		{8C774294-7977-419E-8828-5E516745A399} = {8360D11D-BBE3-4E52-AD84-5B31A76EEF74}
		{21B308C4-8B3A-44CF-8D51-44B322CF65EA} = {8360D11D-BBE3-4E52-AD84-5B31A76EEF74}
		{C5CF1EB7-AB01-413C-BC68-BA05744109ED} = {8360D11D-BBE3-4E52-AD84-5B31A76EEF74}
		{5EF9FE6C-7CA3-46D5-974D-03BE2C0A8CEE} = {C5CF1EB7-AB01-413C-BC68-BA05744109ED}
		{1029FA2A-C571-4A73-B1F9-A0722402F449} = {8C774294-7977-419E-8828-5E516745A399}
		{7DCADDD2-32A0-4E12-83DE-29ADF8373FB2} = {DD84E10C-127B-4AB4-8743-AA4E187F5124}
		{BAEBC1B3-4886-4CE1-8B72-DCDCB9E8D084} = {2232302B-C67B-435E-AD80-770DC5853B51}
		{3BAB1B36-1F75-4AA3-A769-6D4B8F75C2E9} = {907ED682-23C8-4859-B8D6-8C007AC8793B}
		{988A6B05-AA1A-4916-81DA-3A8110CC9A0B} = {3541D255-7529-433E-9973-CFAE42240612}
		{CB07D752-1BBA-462B-A19D-8A5B21846AFD} = {3541D255-7529-433E-9973-CFAE42240612}
		{847FBFFB-A343-41C3-9DC1-D14FC51F92E3} = {3541D255-7529-433E-9973-CFAE42240612}
		{7BEF215E-6936-49A2-8BBD-9A38D99057DC} = {907ED682-23C8-4859-B8D6-8C007AC8793B}
		{512956C9-64B5-4103-8FD4-05CDB79B3C84} = {7BEF215E-6936-49A2-8BBD-9A38D99057DC}
	EndGlobalSection
	GlobalSection(ExtensibilityGlobals) = postSolution
		SolutionGuid = {24067C44-4678-450B-92AD-D1A3AC5159E5}
	EndGlobalSection
EndGlobal
